
Microsoft Visual Studio Solution File, Format Version 12.00
# Visual Studio Version 17
VisualStudioVersion = 17.8.34330.188
MinimumVisualStudioVersion = 10.0.40219.1
Project("{9A19103F-16F7-4668-BE54-9A1E7A4F7556}") = "CabinetDesigner.Domain", "src\CabinetDesigner.Domain\CabinetDesigner.Domain.csproj", "{1A2B3C4D-5E6F-7890-ABCD-EF1234567890}"
EndProject
Project("{9A19103F-16F7-4668-BE54-9A1E7A4F7556}") = "CabinetDesigner.Application", "src\CabinetDesigner.Application\CabinetDesigner.Application.csproj", "{3C4D5E6F-7A8B-9012-CDEF-123456789012}"
EndProject
Project("{9A19103F-16F7-4668-BE54-9A1E7A4F7556}") = "CabinetDesigner.Persistence", "src\CabinetDesigner.Persistence\CabinetDesigner.Persistence.csproj", "{4D5E6F7A-8B90-1234-DEF1-234567890123}"
EndProject
Project("{9A19103F-16F7-4668-BE54-9A1E7A4F7556}") = "CabinetDesigner.Editor", "src\CabinetDesigner.Editor\CabinetDesigner.Editor.csproj", "{6F7A8B90-1234-4567-ABCD-456789012345}"
EndProject
Project("{9A19103F-16F7-4668-BE54-9A1E7A4F7556}") = "CabinetDesigner.Rendering", "src\CabinetDesigner.Rendering\CabinetDesigner.Rendering.csproj", "{7A8B9012-3456-5678-BCDE-567890123456}"
EndProject
Project("{9A19103F-16F7-4668-BE54-9A1E7A4F7556}") = "CabinetDesigner.Presentation", "src\CabinetDesigner.Presentation\CabinetDesigner.Presentation.csproj", "{8B901234-5678-6789-CDEF-678901234567}"
EndProject
Project("{9A19103F-16F7-4668-BE54-9A1E7A4F7556}") = "CabinetDesigner.App", "src\CabinetDesigner.App\CabinetDesigner.App.csproj", "{9C012345-6789-789A-DEF0-789012345678}"
EndProject
Project("{9A19103F-16F7-4668-BE54-9A1E7A4F7556}") = "CabinetDesigner.Tests", "tests\CabinetDesigner.Tests\CabinetDesigner.Tests.csproj", "{2B3C4D5E-6F7A-8901-BCDE-F12345678901}"
EndProject
Project("{9A19103F-16F7-4668-BE54-9A1E7A4F7556}") = "CabinetDesigner.Persistence.Tests", "tests\CabinetDesigner.Persistence.Tests\CabinetDesigner.Persistence.Tests.csproj", "{5E6F7A8B-9012-3456-EF12-345678901234}"
EndProject
Global
	GlobalSection(SolutionConfigurationPlatforms) = preSolution
		Debug|Any CPU = Debug|Any CPU
		Release|Any CPU = Release|Any CPU
	EndGlobalSection
	GlobalSection(ProjectConfigurationPlatforms) = postSolution
		{1A2B3C4D-5E6F-7890-ABCD-EF1234567890}.Debug|Any CPU.ActiveCfg = Debug|Any CPU
		{1A2B3C4D-5E6F-7890-ABCD-EF1234567890}.Debug|Any CPU.Build.0 = Debug|Any CPU
		{1A2B3C4D-5E6F-7890-ABCD-EF1234567890}.Release|Any CPU.ActiveCfg = Release|Any CPU
		{1A2B3C4D-5E6F-7890-ABCD-EF1234567890}.Release|Any CPU.Build.0 = Release|Any CPU
		{3C4D5E6F-7A8B-9012-CDEF-123456789012}.Debug|Any CPU.ActiveCfg = Debug|Any CPU
		{3C4D5E6F-7A8B-9012-CDEF-123456789012}.Debug|Any CPU.Build.0 = Debug|Any CPU
		{3C4D5E6F-7A8B-9012-CDEF-123456789012}.Release|Any CPU.ActiveCfg = Release|Any CPU
		{3C4D5E6F-7A8B-9012-CDEF-123456789012}.Release|Any CPU.Build.0 = Release|Any CPU
		{4D5E6F7A-8B90-1234-DEF1-234567890123}.Debug|Any CPU.ActiveCfg = Debug|Any CPU
		{4D5E6F7A-8B90-1234-DEF1-234567890123}.Debug|Any CPU.Build.0 = Debug|Any CPU
		{4D5E6F7A-8B90-1234-DEF1-234567890123}.Release|Any CPU.ActiveCfg = Release|Any CPU
		{4D5E6F7A-8B90-1234-DEF1-234567890123}.Release|Any CPU.Build.0 = Release|Any CPU
		{6F7A8B90-1234-4567-ABCD-456789012345}.Debug|Any CPU.ActiveCfg = Debug|Any CPU
		{6F7A8B90-1234-4567-ABCD-456789012345}.Debug|Any CPU.Build.0 = Debug|Any CPU
		{6F7A8B90-1234-4567-ABCD-456789012345}.Release|Any CPU.ActiveCfg = Release|Any CPU
		{6F7A8B90-1234-4567-ABCD-456789012345}.Release|Any CPU.Build.0 = Release|Any CPU
		{7A8B9012-3456-5678-BCDE-567890123456}.Debug|Any CPU.ActiveCfg = Debug|Any CPU
		{7A8B9012-3456-5678-BCDE-567890123456}.Debug|Any CPU.Build.0 = Debug|Any CPU
		{7A8B9012-3456-5678-BCDE-567890123456}.Release|Any CPU.ActiveCfg = Release|Any CPU
		{7A8B9012-3456-5678-BCDE-567890123456}.Release|Any CPU.Build.0 = Release|Any CPU
		{8B901234-5678-6789-CDEF-678901234567}.Debug|Any CPU.ActiveCfg = Debug|Any CPU
		{8B901234-5678-6789-CDEF-678901234567}.Debug|Any CPU.Build.0 = Debug|Any CPU
		{8B901234-5678-6789-CDEF-678901234567}.Release|Any CPU.ActiveCfg = Release|Any CPU
		{8B901234-5678-6789-CDEF-678901234567}.Release|Any CPU.Build.0 = Release|Any CPU
		{9C012345-6789-789A-DEF0-789012345678}.Debug|Any CPU.ActiveCfg = Debug|Any CPU
		{9C012345-6789-789A-DEF0-789012345678}.Debug|Any CPU.Build.0 = Debug|Any CPU
		{9C012345-6789-789A-DEF0-789012345678}.Release|Any CPU.ActiveCfg = Release|Any CPU
		{9C012345-6789-789A-DEF0-789012345678}.Release|Any CPU.Build.0 = Release|Any CPU
		{2B3C4D5E-6F7A-8901-BCDE-F12345678901}.Debug|Any CPU.ActiveCfg = Debug|Any CPU
		{2B3C4D5E-6F7A-8901-BCDE-F12345678901}.Debug|Any CPU.Build.0 = Debug|Any CPU
		{2B3C4D5E-6F7A-8901-BCDE-F12345678901}.Release|Any CPU.ActiveCfg = Release|Any CPU
		{2B3C4D5E-6F7A-8901-BCDE-F12345678901}.Release|Any CPU.Build.0 = Release|Any CPU
		{5E6F7A8B-9012-3456-EF12-345678901234}.Debug|Any CPU.ActiveCfg = Debug|Any CPU
		{5E6F7A8B-9012-3456-EF12-345678901234}.Debug|Any CPU.Build.0 = Debug|Any CPU
		{5E6F7A8B-9012-3456-EF12-345678901234}.Release|Any CPU.ActiveCfg = Release|Any CPU
		{5E6F7A8B-9012-3456-EF12-345678901234}.Release|Any CPU.Build.0 = Release|Any CPU
	EndGlobalSection
EndGlobal
